
Microsoft Visual Studio Solution File, Format Version 12.00
# Visual Studio 14
VisualStudioVersion = 14.0.24720.0
MinimumVisualStudioVersion = 10.0.40219.1
Project("{FAE04EC0-301F-11D3-BF4B-00C04F79EFBC}") = "GitHubApp", "GitHubApp\GitHubApp.csproj", "{ADD877F9-1C75-4D68-A7B2-25B37B3F8A1D}"
EndProject
Global
	GlobalSection(SolutionConfigurationPlatforms) = preSolution
		Debug|Any CPU = Debug|Any CPU
		Release|Any CPU = Release|Any CPU
	EndGlobalSection
	GlobalSection(ProjectConfigurationPlatforms) = postSolution
		{ADD877F9-1C75-4D68-A7B2-25B37B3F8A1D}.Debug|Any CPU.ActiveCfg = Debug|Any CPU
		{ADD877F9-1C75-4D68-A7B2-25B37B3F8A1D}.Debug|Any CPU.Build.0 = Debug|Any CPU
		{ADD877F9-1C75-4D68-A7B2-25B37B3F8A1D}.Release|Any CPU.ActiveCfg = Release|Any CPU
		{ADD877F9-1C75-4D68-A7B2-25B37B3F8A1D}.Release|Any CPU.Build.0 = Release|Any CPU
	EndGlobalSection
	GlobalSection(SolutionProperties) = preSolution
		HideSolutionNode = FALSE
	EndGlobalSection
EndGlobal
